
Microsoft Visual Studio Solution File, Format Version 12.00
# Visual Studio Version 17
VisualStudioVersion = 17.11.35327.3
MinimumVisualStudioVersion = 10.0.40219.1
Project("{FAE04EC0-301F-11D3-BF4B-00C04F79EFBC}") = "ToDoWeb", "ToDoWeb\ToDoWeb.csproj", "{54FA5A83-EC11-4A97-AFFB-F98799D74BED}"
EndProject
Global
	GlobalSection(SolutionConfigurationPlatforms) = preSolution
		Debug|Any CPU = Debug|Any CPU
		Release|Any CPU = Release|Any CPU
	EndGlobalSection
	GlobalSection(ProjectConfigurationPlatforms) = postSolution
		{54FA5A83-EC11-4A97-AFFB-F98799D74BED}.Debug|Any CPU.ActiveCfg = Debug|Any CPU
		{54FA5A83-EC11-4A97-AFFB-F98799D74BED}.Debug|Any CPU.Build.0 = Debug|Any CPU
		{54FA5A83-EC11-4A97-AFFB-F98799D74BED}.Release|Any CPU.ActiveCfg = Release|Any CPU
		{54FA5A83-EC11-4A97-AFFB-F98799D74BED}.Release|Any CPU.Build.0 = Release|Any CPU
	EndGlobalSection
	GlobalSection(SolutionProperties) = preSolution
		HideSolutionNode = FALSE
	EndGlobalSection
	GlobalSection(ExtensibilityGlobals) = postSolution
		SolutionGuid = {44FE53A6-59A0-476B-8FED-D9E55451ADB6}
	EndGlobalSection
EndGlobal
